{
    "_meta": {
        "hash": {
            "sha256": "0b46f178123a3a68dd940698bd7baa1caf34206ced41609b7b7c3a3329ee6d70"
        },
        "pipfile-spec": 6,
        "requires": {
            "python_version": "3.9"
        },
        "sources": [
            {
                "name": "pypi",
                "url": "https://pypi.org/simple",
                "verify_ssl": true
            }
        ]
    },
    "default": {
        "altgraph": {
            "hashes": [
                "sha256:743628f2ac6a7c26f5d9223c91ed8ecbba535f506f4b6f558885a8a56a105857",
                "sha256:ebf2269361b47d97b3b88e696439f6e4cbc607c17c51feb1754f90fb79839158"
            ],
            "version": "==0.17.2"
        },
        "cx-freeze": {
            "hashes": [
                "sha256:08a537681dcd1bcde9742584e91d86ef001fe798386f2834a904652d5b2a468a",
                "sha256:1438db6d59be86e8483ea2bf2ff2f81374ca63d8a1d3a84706173cc1b98dd46f",
                "sha256:2be07ffce2dba23618cf736476df6f9837d9887c85f4f92fb3fbfcd090de041a",
                "sha256:59b4cb77f5c82613efbec03815b952a6fe73d4a1805bb370d57a8a1130a181ca",
                "sha256:770e911f70b48e4f309a47e02aaa7e1f6dc659fd1c486f3eebe5c9e9fe70aec2",
                "sha256:8d936a872c124c2e2a40da2e898e4fa0d225a165ab606217f75136c14ee8e673",
                "sha256:9c4b491affd10065bcdd20dc0ab5239f787affe6d61857811a937ed266faa213",
                "sha256:a4d2cb00eec6bc72a419370b5b0b5d0f3adf4d8417eb89228981d470cf4c6af6",
                "sha256:e5b71bf57b9881ac142fbebeae2c8b0d3294b56f6e48ab64032321e3b1a2ba27",
                "sha256:ec752333fa2e40347902730662785da0ec4576cec976552784a6f60a7a07b45d",
                "sha256:f03928cbcf8282e688dc1f9fa421044c24f5b7492a7b0fe7f45d5cc6f24c1ebf"
            ],
            "index": "pypi",
            "version": "==6.10"
        },
        "importlib-metadata": {
            "hashes": [
                "sha256:175f4ee440a0317f6e8d81b7f8d4869f93316170a65ad2b007d2929186c8052c",
                "sha256:e0bc84ff355328a4adfc5240c4f211e0ab386f80aa640d1b11f0618a1d282094"
            ],
            "markers": "python_version < '3.10'",
            "version": "==4.11.1"
        },
        "macholib": {
            "hashes": [
                "sha256:1542c41da3600509f91c165cb897e7e54c0e74008bd8da5da7ebbee519d593d2",
                "sha256:885613dd02d3e26dbd2b541eb4cc4ce611b841f827c0958ab98656e478b9e6f6"
            ],
            "markers": "sys_platform == 'darwin'",
            "version": "==1.15.2"
        },
        "pyinstaller": {
            "hashes": [
                "sha256:24035eb9fffa2e3e288b4c1c9710043819efc7203cae5c8c573bec16f4a8e98f",
                "sha256:59372b950d176fdc5ecea29719a8ab3f194b73a15b7f9875ac2a1de9a3daf5ed",
                "sha256:62c97cbbdbee30974d607eb1de9afb081eb3adba787c203b00438e21027b829b",
                "sha256:75a180a658871bc41f9cf94b6f90ffa54e98f5d6a7cdb02d7530f0360afe24f9",
                "sha256:7f46ab11ec986e4c525b93251063144e12d432a132dbc0070e3030e34c76537a",
                "sha256:a0b988cfc197d40e3d773b3aa1c7d3e918fc0933b4c15ec3fc5d156f222d82cb",
                "sha256:b5f1a94150315ea75bf3501be6c8476d65a7209580bb662da06dbdbc4454f375",
                "sha256:bec57b3b2b6178907255557ec0fc4b5ce5a0474013414cdadea853205c74ed26",
                "sha256:e2f165cea4470ce8a8349112cd78f48a61413805adc17792a91997a11cfe1d80",
                "sha256:ebeb87cdbadb2b4e8f991ffd9945ebd4fb3a7303180e63682c3e1ce01b3fdd22",
                "sha256:ec3ca331d565ffca1b6470c5aaf798885a03708c3d0b15c1b19009126f84c1d4"
            ],
            "index": "pypi",
            "version": "==4.9"
        },
        "pyinstaller-hooks-contrib": {
            "hashes": [
                "sha256:7605e440ccb55904cb2a87d72e83642ef176fb7030c77e52ac4d9679bb3d1537",
                "sha256:ab1d14fe053016fff7b0c6aea51d980bac6d02114b04063b46ef7dac70c70e1e"
            ],
            "markers": "python_version >= '3.7'",
            "version": "==2022.2"
        },
        "pyqt6": {
            "hashes": [
                "sha256:11c039b07962b29246de2da0912f4f663786185fd74d48daac7a270a43c8d92a",
                "sha256:577334c9d4518022a4cb6f9799dfbd1b996167eb31404b5a63d6c43d603e6418",
                "sha256:8a2f357b86fec8598f52f16d5f93416931017ca1986d5f68679c9565bfc21fff",
                "sha256:a9bfcac198fe4b703706f809bb686c7cef5f60a7c802fc145c6b57929c7a6a34"
            ],
            "index": "pypi",
            "version": "==6.2.3"
        },
        "pyqt6-qt6": {
            "hashes": [
                "sha256:02c1f02c04cfac8affb66fc56cbf1d033fb36efee98dd40ba59e60c816018302",
                "sha256:6c7fa27a71eb0da81f39ec7a8e2c298d5e2dfecbc923875dcc932478b3c50ef3",
                "sha256:7d6f37204714bf3a6686f4d32bddd8b13d7e1adec3039cd2d27901bb827d7610",
                "sha256:bdf799911f004f904b00b9424e590cdb9138e7fc687d036c73c458e4c6c2efbd"
            ],
            "version": "==6.2.3"
        },
        "pyqt6-sip": {
            "hashes": [
                "sha256:0314d011633bc697e99f3f9897b484720e81a5f4ba0eaa5f05c5811e2e74ea53",
                "sha256:082a80264699d4e2e919a7de8b6662886a353863d2b30a0047fe73d42e65c98e",
                "sha256:0a49f2d0bb49bc9d72665d62fb5ab6549c72dcf49e1e52dc2046edb8832a17a3",
                "sha256:0ede42e84a79871022e1a8e4d5c05f70821b2795910c4cd103e863ce62bc8d68",
                "sha256:226e9e349aa16dc1132f106ca01fa99cf7cb8e59daee29304c2fea5fa33212ec",
                "sha256:43afd9c9fdbc5f6ed2e22cae0752a8b8d9545c6d85f314bd27b861e21d4a97fe",
                "sha256:4b119a8fd880ece15a5bdff583edccd89dbc79d49de2e11cbbd6bba72713d1f3",
                "sha256:616b6bad827e9c6e7ce5179883ca0f44110a42dcb045344aa28a495c05e19795",
                "sha256:65f5aee6195bd0e785bd74f75ee080a5d5fb840c03210956e4ccbdde481b487c",
                "sha256:8b52d42e42e6e9f934ac7528cd154ac0210a532bb33fa1edfb4a8bbfb73ff88b",
                "sha256:a3d53fab72f959b45aeb954124255b585ff8d497a514a2582e0afd808fc2f3da",
                "sha256:b0d92f4a21706b18ab80c088cded94cd64d32a0c48e1729a4cc53fe5ab93cc1a",
                "sha256:b7bce59900b2e0a04f70246de2ccf79ee7933036b6b9183cf039b62eeae2b858",
                "sha256:c456d5ccc4478254052082e298db01bb9d0495471c1659046697bb5dc9d2506c",
                "sha256:e2e6a3972169891dbc33d806f50ebf17eaa47a487ff6e4910fe2485c47cb6c2b",
                "sha256:f4226d4ab239d8655f94c42b397f23e6e85b246f614ff81162ef9321e47f7619"
            ],
            "markers": "python_version >= '3.6'",
            "version": "==13.2.1"
        },
        "setuptools": {
            "hashes": [
                "sha256:80743e57120665fa65665286369a0734bce0e7a629ad36507fb7a4b65e7d2e3b",
                "sha256:93b1a3037230bf9aa07327b9fc58f527d5f4e22d36705b55d55ba3ece8606ca6"
            ],
            "markers": "python_version >= '3.7'",
            "version": "==60.9.2"
        },
        "wheel": {
            "hashes": [
                "sha256:4bdcd7d840138086126cd09254dc6195fb4fc6f01c050a1d7236f2630db1d22a",
                "sha256:e9a504e793efbca1b8e0e9cb979a249cf4a0a7b5b8c9e8b65a5e39d49529c1c4"
            ],
            "markers": "python_version >= '2.7' and python_version not in '3.0, 3.1, 3.2, 3.3, 3.4'",
            "version": "==0.37.1"
        },
        "zipp": {
            "hashes": [
                "sha256:9f50f446828eb9d45b267433fd3e9da8d801f614129124863f9c51ebceafb87d",
                "sha256:b47250dd24f92b7dd6a0a8fc5244da14608f3ca90a5efcd37a3b1642fac9a375"
            ],
            "markers": "python_version >= '3.7'",
            "version": "==3.7.0"
        }
    },
    "develop": {
        "coverage": {
            "hashes": [
                "sha256:1245ab82e8554fa88c4b2ab1e098ae051faac5af829efdcf2ce6b34dccd5567c",
                "sha256:1bc6d709939ff262fd1432f03f080c5042dc6508b6e0d3d20e61dd045456a1a0",
                "sha256:25e73d4c81efa8ea3785274a2f7f3bfbbeccb6fcba2a0bdd3be9223371c37554",
                "sha256:276b13cc085474e482566c477c25ed66a097b44c6e77132f3304ac0b039f83eb",
                "sha256:2aed4761809640f02e44e16b8b32c1a5dee5e80ea30a0ff0912158bde9c501f2",
                "sha256:2dd70a167843b4b4b2630c0c56f1b586fe965b4f8ac5da05b6690344fd065c6b",
                "sha256:352c68e233409c31048a3725c446a9e48bbff36e39db92774d4f2380d630d8f8",
                "sha256:3f2b05757c92ad96b33dbf8e8ec8d4ccb9af6ae3c9e9bd141c7cc44d20c6bcba",
                "sha256:448d7bde7ceb6c69e08474c2ddbc5b4cd13c9e4aa4a717467f716b5fc938a734",
                "sha256:463e52616ea687fd323888e86bf25e864a3cc6335a043fad6bbb037dbf49bbe2",
                "sha256:482fb42eea6164894ff82abbcf33d526362de5d1a7ed25af7ecbdddd28fc124f",
                "sha256:56c4a409381ddd7bbff134e9756077860d4e8a583d310a6f38a2315b9ce301d0",
                "sha256:56d296cbc8254a7dffdd7bcc2eb70be5a233aae7c01856d2d936f5ac4e8ac1f1",
                "sha256:5e15d424b8153756b7c903bde6d4610be0c3daca3986173c18dd5c1a1625e4cd",
                "sha256:618eeba986cea7f621d8607ee378ecc8c2504b98b3fdc4952b30fe3578304687",
                "sha256:61d47a897c1e91f33f177c21de897267b38fbb45f2cd8e22a710bcef1df09ac1",
                "sha256:621f6ea7260ea2ffdaec64fe5cb521669984f567b66f62f81445221d4754df4c",
                "sha256:6a5cdc3adb4f8bb8d8f5e64c2e9e282bc12980ef055ec6da59db562ee9bdfefa",
                "sha256:6c3f6158b02ac403868eea390930ae64e9a9a2a5bbfafefbb920d29258d9f2f8",
                "sha256:704f89b87c4f4737da2860695a18c852b78ec7279b24eedacab10b29067d3a38",
                "sha256:72128176fea72012063200b7b395ed8a57849282b207321124d7ff14e26988e8",
                "sha256:78fbb2be068a13a5d99dce9e1e7d168db880870f7bc73f876152130575bd6167",
                "sha256:7bff3a98f63b47464480de1b5bdd80c8fade0ba2832c9381253c9b74c4153c27",
                "sha256:84f2436d6742c01136dd940ee158bfc7cf5ced3da7e4c949662b8703b5cd8145",
                "sha256:9976fb0a5709988778ac9bc44f3d50fccd989987876dfd7716dee28beed0a9fa",
                "sha256:9ad0a117b8dc2061ce9461ea4c1b4799e55edceb236522c5b8f958ce9ed8fa9a",
                "sha256:9e3dd806f34de38d4c01416344e98eab2437ac450b3ae39c62a0ede2f8b5e4ed",
                "sha256:9eb494070aa060ceba6e4bbf44c1bc5fa97bfb883a0d9b0c9049415f9e944793",
                "sha256:9fde6b90889522c220dd56a670102ceef24955d994ff7af2cb786b4ba8fe11e4",
                "sha256:9fff3ff052922cb99f9e52f63f985d4f7a54f6b94287463bc66b7cdf3eb41217",
                "sha256:a06c358f4aed05fa1099c39decc8022261bb07dfadc127c08cfbd1391b09689e",
                "sha256:a4f923b9ab265136e57cc14794a15b9dcea07a9c578609cd5dbbfff28a0d15e6",
                "sha256:c5b81fb37db76ebea79aa963b76d96ff854e7662921ce742293463635a87a78d",
                "sha256:d5ed164af5c9078596cfc40b078c3b337911190d3faeac830c3f1274f26b8320",
                "sha256:d651fde74a4d3122e5562705824507e2f5b2d3d57557f1916c4b27635f8fbe3f",
                "sha256:de73fca6fb403dd72d4da517cfc49fcf791f74eee697d3219f6be29adf5af6ce",
                "sha256:e647a0be741edbb529a72644e999acb09f2ad60465f80757da183528941ff975",
                "sha256:e92c7a5f7d62edff50f60a045dc9542bf939758c95b2fcd686175dd10ce0ed10",
                "sha256:eeffd96882d8c06d31b65dddcf51db7c612547babc1c4c5db6a011abe9798525",
                "sha256:f5a4551dfd09c3bd12fca8144d47fe7745275adf3229b7223c2f9e29a975ebda",
                "sha256:fac0bcc5b7e8169bffa87f0dcc24435446d329cbc2b5486d155c2e0f3b493ae1"
            ],
            "index": "pypi",
            "version": "==6.3.1"
        },
        "httpretty": {
            "hashes": [
                "sha256:20de0e5dd5a18292d36d928cc3d6e52f8b2ac73daec40d41eb62dee154933b68"
            ],
            "index": "pypi",
            "version": "==1.1.4"
        },
        "nose": {
            "hashes": [
                "sha256:9ff7c6cc443f8c51994b34a667bbcf45afd6d945be7477b52e97516fd17c53ac",
                "sha256:dadcddc0aefbf99eea214e0f1232b94f2fa9bd98fa8353711dacb112bfcbbb2a",
                "sha256:f1bffef9cbc82628f6e7d7b40d7e255aefaa1adb6a1b1d26c69a8b79e6208a98"
            ],
            "index": "pypi",
            "version": "==1.3.7"
        }
    }
}
